
Microsoft Visual Studio Solution File, Format Version 12.00
# Visual Studio Version 17
VisualStudioVersion = 17.5.33516.290
MinimumVisualStudioVersion = 10.0.40219.1
Project("{2150E333-8FDC-42A3-9474-1A3956D46DE8}") = "src", "src", "{9E9C0ACA-6BFD-4513-98F2-22A5A54F403B}"
EndProject
Project("{9A19103F-16F7-4668-BE54-9A1E7A4F7556}") = "NI2S.SocketServer.ProtoBase", "src\NI2S.SocketServer.ProtoBase\NI2S.SocketServer.ProtoBase.csproj", "{BAFC2212-481B-4E70-B8AB-0F6BDD2EEA91}"
EndProject
Project("{9A19103F-16F7-4668-BE54-9A1E7A4F7556}") = "NI2S.SocketServer.Channel", "src\NI2S.SocketServer.Channel\NI2S.SocketServer.Channel.csproj", "{E197E8BB-9C43-417C-A645-B792BD39A8CB}"
EndProject
Project("{9A19103F-16F7-4668-BE54-9A1E7A4F7556}") = "NI2S.SocketServer.Abstractions", "src\NI2S.SocketServer.Abstractions\NI2S.SocketServer.Abstractions.csproj", "{47EF6A3F-7160-40FC-8268-506DA4924F69}"
EndProject
Project("{9A19103F-16F7-4668-BE54-9A1E7A4F7556}") = "NI2S.SocketServer", "src\NI2S.SocketServer\NI2S.SocketServer.csproj", "{A4D8E270-624B-4EE6-B21C-A686DAB0C2F8}"
EndProject
Project("{2150E333-8FDC-42A3-9474-1A3956D46DE8}") = "build", "build", "{2A03B0AE-EBA9-420B-B0D2-B9BA22640FF7}"
	ProjectSection(SolutionItems) = preProject
		Build.cmd = Build.cmd
		build.ps1 = build.ps1
		common.ps1 = common.ps1
		Directory.Build.props = Directory.Build.props
		Directory.Build.targets = Directory.Build.targets
		global.json = global.json
		InternalsVisibleTo.cs = InternalsVisibleTo.cs
		unlist.sh = unlist.sh
		version.json = version.json
	EndProjectSection
EndProject
Project("{2150E333-8FDC-42A3-9474-1A3956D46DE8}") = "samples", "samples", "{8DE52C43-6012-4F63-B94B-24EAC8BECA9C}"
EndProject
Project("{9A19103F-16F7-4668-BE54-9A1E7A4F7556}") = "BasicClient", "samples\BasicClient\BasicClient.csproj", "{5651B00B-3BF3-4680-9B76-4A9E4484071B}"
EndProject
Project("{9A19103F-16F7-4668-BE54-9A1E7A4F7556}") = "CommandServer", "samples\CommandServer\CommandServer.csproj", "{F29485CE-11CC-4D37-B379-758312EFAAF5}"
EndProject
Project("{9A19103F-16F7-4668-BE54-9A1E7A4F7556}") = "ConfigSample", "samples\ConfigSample\ConfigSample.csproj", "{8FB07FCA-2946-48C9-B7DD-2449FFE53FA3}"
EndProject
Project("{9A19103F-16F7-4668-BE54-9A1E7A4F7556}") = "CustomProtocol", "samples\CustomProtocol\CustomProtocol.csproj", "{5BC9F6DC-2BEB-45DB-A312-201139605863}"
EndProject
Project("{9A19103F-16F7-4668-BE54-9A1E7A4F7556}") = "EchoServer", "samples\EchoServer\EchoServer.csproj", "{39C3C192-4B6C-443E-A86A-158D34C603FB}"
EndProject
Project("{9A19103F-16F7-4668-BE54-9A1E7A4F7556}") = "NI2S.SocketServer.Client", "src\NI2S.SocketServer.Client\NI2S.SocketServer.Client.csproj", "{E38E5C4F-E4A7-4302-81AE-25039163803F}"
EndProject
Project("{9A19103F-16F7-4668-BE54-9A1E7A4F7556}") = "NI2S.SocketServer.Command", "src\NI2S.SocketServer.Command\NI2S.SocketServer.Command.csproj", "{16952464-1989-4BDA-864D-B32874C99256}"
EndProject
Project("{2150E333-8FDC-42A3-9474-1A3956D46DE8}") = "test", "test", "{66370AE4-B562-4AA6-85E8-65916F9290C9}"
EndProject
Project("{9A19103F-16F7-4668-BE54-9A1E7A4F7556}") = "NI2S.SocketServer.Benchmarks", "test\NI2S.SocketServer.Benchmarks\NI2S.SocketServer.Benchmarks.csproj", "{8361930B-7860-4001-9B87-EC73A808AC32}"
EndProject
Project("{9A19103F-16F7-4668-BE54-9A1E7A4F7556}") = "NI2S.SocketServer.Tests", "test\NI2S.SocketServer.Tests\NI2S.SocketServer.Tests.csproj", "{FE51B5F8-E995-4212-BF7F-93C710ABE9C8}"
EndProject
Project("{9A19103F-16F7-4668-BE54-9A1E7A4F7556}") = "NI2S.SocketServer.Tests.Command", "test\NI2S.SocketServer.Tests.Command\NI2S.SocketServer.Tests.Command.csproj", "{B9ADA7FD-E86B-4B96-94D2-F4947E1E4EA2}"
EndProject
Project("{9A19103F-16F7-4668-BE54-9A1E7A4F7556}") = "NI2S.SocketServer.Udp", "src\NI2S.SocketServer.Udp\NI2S.SocketServer.Udp.csproj", "{6052B860-A874-42B5-A656-6AB6BF98D05B}"
EndProject
Project("{9A19103F-16F7-4668-BE54-9A1E7A4F7556}") = "NI2S.SocketServer.SessionContainer", "src\NI2S.SocketServer.SessionContainer\NI2S.SocketServer.SessionContainer.csproj", "{3FA709F7-6EF6-4B24-A36D-DC01920A58F3}"
EndProject
Project("{9A19103F-16F7-4668-BE54-9A1E7A4F7556}") = "NI2S.SocketServer.Http", "src\NI2S.SocketServer.Http\NI2S.SocketServer.Http.csproj", "{E4515F16-FDA4-4130-B4B2-D3E300ACD585}"
EndProject
Project("{9A19103F-16F7-4668-BE54-9A1E7A4F7556}") = "NI2S.SocketServer.GZip", "src\NI2S.SocketServer.GZip\NI2S.SocketServer.GZip.csproj", "{4DE81C49-35C6-41CF-AB1B-345F929D44E5}"
EndProject
Project("{2150E333-8FDC-42A3-9474-1A3956D46DE8}") = "globals", "globals", "{71BEFCF3-9095-4CEF-9F6F-57F0C7A73C33}"
	ProjectSection(SolutionItems) = preProject
		..\Directory.Build.props = ..\Directory.Build.props
		..\Directory.Build.targets = ..\Directory.Build.targets
	EndProjectSection
EndProject
Project("{2150E333-8FDC-42A3-9474-1A3956D46DE8}") = "src", "src", "{6397DACC-631B-45CD-8F93-77F30F646625}"
	ProjectSection(SolutionItems) = preProject
		src\Directory.Build.props = src\Directory.Build.props
	EndProjectSection
EndProject
Project("{2150E333-8FDC-42A3-9474-1A3956D46DE8}") = "test", "test", "{E7DA0047-5B6E-4534-B119-AC24C39D4E6E}"
EndProject
Project("{2150E333-8FDC-42A3-9474-1A3956D46DE8}") = "samples", "samples", "{FA0CFE5A-C205-48FE-AAD5-BDFC02C4181C}"
EndProject
Project("{2150E333-8FDC-42A3-9474-1A3956D46DE8}") = "root", "root", "{A90B03C6-47EA-495E-AE00-C76730340796}"
	ProjectSection(SolutionItems) = preProject
		..\..\Directory.Build.props = ..\..\Directory.Build.props
		..\..\Directory.Build.targets = ..\..\Directory.Build.targets
		..\..\Directory.Packages.props = ..\..\Directory.Packages.props
	EndProjectSection
EndProject
Global
	GlobalSection(SolutionConfigurationPlatforms) = preSolution
		Debug|Any CPU = Debug|Any CPU
		Release|Any CPU = Release|Any CPU
	EndGlobalSection
	GlobalSection(ProjectConfigurationPlatforms) = postSolution
		{BAFC2212-481B-4E70-B8AB-0F6BDD2EEA91}.Debug|Any CPU.ActiveCfg = Debug|Any CPU
		{BAFC2212-481B-4E70-B8AB-0F6BDD2EEA91}.Debug|Any CPU.Build.0 = Debug|Any CPU
		{BAFC2212-481B-4E70-B8AB-0F6BDD2EEA91}.Release|Any CPU.ActiveCfg = Release|Any CPU
		{BAFC2212-481B-4E70-B8AB-0F6BDD2EEA91}.Release|Any CPU.Build.0 = Release|Any CPU
		{E197E8BB-9C43-417C-A645-B792BD39A8CB}.Debug|Any CPU.ActiveCfg = Debug|Any CPU
		{E197E8BB-9C43-417C-A645-B792BD39A8CB}.Debug|Any CPU.Build.0 = Debug|Any CPU
		{E197E8BB-9C43-417C-A645-B792BD39A8CB}.Release|Any CPU.ActiveCfg = Release|Any CPU
		{E197E8BB-9C43-417C-A645-B792BD39A8CB}.Release|Any CPU.Build.0 = Release|Any CPU
		{47EF6A3F-7160-40FC-8268-506DA4924F69}.Debug|Any CPU.ActiveCfg = Debug|Any CPU
		{47EF6A3F-7160-40FC-8268-506DA4924F69}.Debug|Any CPU.Build.0 = Debug|Any CPU
		{47EF6A3F-7160-40FC-8268-506DA4924F69}.Release|Any CPU.ActiveCfg = Release|Any CPU
		{47EF6A3F-7160-40FC-8268-506DA4924F69}.Release|Any CPU.Build.0 = Release|Any CPU
		{A4D8E270-624B-4EE6-B21C-A686DAB0C2F8}.Debug|Any CPU.ActiveCfg = Debug|Any CPU
		{A4D8E270-624B-4EE6-B21C-A686DAB0C2F8}.Debug|Any CPU.Build.0 = Debug|Any CPU
		{A4D8E270-624B-4EE6-B21C-A686DAB0C2F8}.Release|Any CPU.ActiveCfg = Release|Any CPU
		{A4D8E270-624B-4EE6-B21C-A686DAB0C2F8}.Release|Any CPU.Build.0 = Release|Any CPU
		{5651B00B-3BF3-4680-9B76-4A9E4484071B}.Debug|Any CPU.ActiveCfg = Debug|Any CPU
		{5651B00B-3BF3-4680-9B76-4A9E4484071B}.Debug|Any CPU.Build.0 = Debug|Any CPU
		{5651B00B-3BF3-4680-9B76-4A9E4484071B}.Release|Any CPU.ActiveCfg = Release|Any CPU
		{5651B00B-3BF3-4680-9B76-4A9E4484071B}.Release|Any CPU.Build.0 = Release|Any CPU
		{F29485CE-11CC-4D37-B379-758312EFAAF5}.Debug|Any CPU.ActiveCfg = Debug|Any CPU
		{F29485CE-11CC-4D37-B379-758312EFAAF5}.Debug|Any CPU.Build.0 = Debug|Any CPU
		{F29485CE-11CC-4D37-B379-758312EFAAF5}.Release|Any CPU.ActiveCfg = Release|Any CPU
		{F29485CE-11CC-4D37-B379-758312EFAAF5}.Release|Any CPU.Build.0 = Release|Any CPU
		{8FB07FCA-2946-48C9-B7DD-2449FFE53FA3}.Debug|Any CPU.ActiveCfg = Debug|Any CPU
		{8FB07FCA-2946-48C9-B7DD-2449FFE53FA3}.Debug|Any CPU.Build.0 = Debug|Any CPU
		{8FB07FCA-2946-48C9-B7DD-2449FFE53FA3}.Release|Any CPU.ActiveCfg = Release|Any CPU
		{8FB07FCA-2946-48C9-B7DD-2449FFE53FA3}.Release|Any CPU.Build.0 = Release|Any CPU
		{5BC9F6DC-2BEB-45DB-A312-201139605863}.Debug|Any CPU.ActiveCfg = Debug|Any CPU
		{5BC9F6DC-2BEB-45DB-A312-201139605863}.Debug|Any CPU.Build.0 = Debug|Any CPU
		{5BC9F6DC-2BEB-45DB-A312-201139605863}.Release|Any CPU.ActiveCfg = Release|Any CPU
		{5BC9F6DC-2BEB-45DB-A312-201139605863}.Release|Any CPU.Build.0 = Release|Any CPU
		{39C3C192-4B6C-443E-A86A-158D34C603FB}.Debug|Any CPU.ActiveCfg = Debug|Any CPU
		{39C3C192-4B6C-443E-A86A-158D34C603FB}.Debug|Any CPU.Build.0 = Debug|Any CPU
		{39C3C192-4B6C-443E-A86A-158D34C603FB}.Release|Any CPU.ActiveCfg = Release|Any CPU
		{39C3C192-4B6C-443E-A86A-158D34C603FB}.Release|Any CPU.Build.0 = Release|Any CPU
		{E38E5C4F-E4A7-4302-81AE-25039163803F}.Debug|Any CPU.ActiveCfg = Debug|Any CPU
		{E38E5C4F-E4A7-4302-81AE-25039163803F}.Debug|Any CPU.Build.0 = Debug|Any CPU
		{E38E5C4F-E4A7-4302-81AE-25039163803F}.Release|Any CPU.ActiveCfg = Release|Any CPU
		{E38E5C4F-E4A7-4302-81AE-25039163803F}.Release|Any CPU.Build.0 = Release|Any CPU
		{16952464-1989-4BDA-864D-B32874C99256}.Debug|Any CPU.ActiveCfg = Debug|Any CPU
		{16952464-1989-4BDA-864D-B32874C99256}.Debug|Any CPU.Build.0 = Debug|Any CPU
		{16952464-1989-4BDA-864D-B32874C99256}.Release|Any CPU.ActiveCfg = Release|Any CPU
		{16952464-1989-4BDA-864D-B32874C99256}.Release|Any CPU.Build.0 = Release|Any CPU
		{8361930B-7860-4001-9B87-EC73A808AC32}.Debug|Any CPU.ActiveCfg = Debug|Any CPU
		{8361930B-7860-4001-9B87-EC73A808AC32}.Debug|Any CPU.Build.0 = Debug|Any CPU
		{8361930B-7860-4001-9B87-EC73A808AC32}.Release|Any CPU.ActiveCfg = Release|Any CPU
		{8361930B-7860-4001-9B87-EC73A808AC32}.Release|Any CPU.Build.0 = Release|Any CPU
		{FE51B5F8-E995-4212-BF7F-93C710ABE9C8}.Debug|Any CPU.ActiveCfg = Debug|Any CPU
		{FE51B5F8-E995-4212-BF7F-93C710ABE9C8}.Debug|Any CPU.Build.0 = Debug|Any CPU
		{FE51B5F8-E995-4212-BF7F-93C710ABE9C8}.Release|Any CPU.ActiveCfg = Release|Any CPU
		{FE51B5F8-E995-4212-BF7F-93C710ABE9C8}.Release|Any CPU.Build.0 = Release|Any CPU
		{B9ADA7FD-E86B-4B96-94D2-F4947E1E4EA2}.Debug|Any CPU.ActiveCfg = Debug|Any CPU
		{B9ADA7FD-E86B-4B96-94D2-F4947E1E4EA2}.Debug|Any CPU.Build.0 = Debug|Any CPU
		{B9ADA7FD-E86B-4B96-94D2-F4947E1E4EA2}.Release|Any CPU.ActiveCfg = Release|Any CPU
		{B9ADA7FD-E86B-4B96-94D2-F4947E1E4EA2}.Release|Any CPU.Build.0 = Release|Any CPU
		{6052B860-A874-42B5-A656-6AB6BF98D05B}.Debug|Any CPU.ActiveCfg = Debug|Any CPU
		{6052B860-A874-42B5-A656-6AB6BF98D05B}.Debug|Any CPU.Build.0 = Debug|Any CPU
		{6052B860-A874-42B5-A656-6AB6BF98D05B}.Release|Any CPU.ActiveCfg = Release|Any CPU
		{6052B860-A874-42B5-A656-6AB6BF98D05B}.Release|Any CPU.Build.0 = Release|Any CPU
		{3FA709F7-6EF6-4B24-A36D-DC01920A58F3}.Debug|Any CPU.ActiveCfg = Debug|Any CPU
		{3FA709F7-6EF6-4B24-A36D-DC01920A58F3}.Debug|Any CPU.Build.0 = Debug|Any CPU
		{3FA709F7-6EF6-4B24-A36D-DC01920A58F3}.Release|Any CPU.ActiveCfg = Release|Any CPU
		{3FA709F7-6EF6-4B24-A36D-DC01920A58F3}.Release|Any CPU.Build.0 = Release|Any CPU
		{E4515F16-FDA4-4130-B4B2-D3E300ACD585}.Debug|Any CPU.ActiveCfg = Debug|Any CPU
		{E4515F16-FDA4-4130-B4B2-D3E300ACD585}.Debug|Any CPU.Build.0 = Debug|Any CPU
		{E4515F16-FDA4-4130-B4B2-D3E300ACD585}.Release|Any CPU.ActiveCfg = Release|Any CPU
		{E4515F16-FDA4-4130-B4B2-D3E300ACD585}.Release|Any CPU.Build.0 = Release|Any CPU
		{4DE81C49-35C6-41CF-AB1B-345F929D44E5}.Debug|Any CPU.ActiveCfg = Debug|Any CPU
		{4DE81C49-35C6-41CF-AB1B-345F929D44E5}.Debug|Any CPU.Build.0 = Debug|Any CPU
		{4DE81C49-35C6-41CF-AB1B-345F929D44E5}.Release|Any CPU.ActiveCfg = Release|Any CPU
		{4DE81C49-35C6-41CF-AB1B-345F929D44E5}.Release|Any CPU.Build.0 = Release|Any CPU
	EndGlobalSection
	GlobalSection(SolutionProperties) = preSolution
		HideSolutionNode = FALSE
	EndGlobalSection
	GlobalSection(NestedProjects) = preSolution
		{BAFC2212-481B-4E70-B8AB-0F6BDD2EEA91} = {9E9C0ACA-6BFD-4513-98F2-22A5A54F403B}
		{E197E8BB-9C43-417C-A645-B792BD39A8CB} = {9E9C0ACA-6BFD-4513-98F2-22A5A54F403B}
		{47EF6A3F-7160-40FC-8268-506DA4924F69} = {9E9C0ACA-6BFD-4513-98F2-22A5A54F403B}
		{A4D8E270-624B-4EE6-B21C-A686DAB0C2F8} = {9E9C0ACA-6BFD-4513-98F2-22A5A54F403B}
		{5651B00B-3BF3-4680-9B76-4A9E4484071B} = {8DE52C43-6012-4F63-B94B-24EAC8BECA9C}
		{F29485CE-11CC-4D37-B379-758312EFAAF5} = {8DE52C43-6012-4F63-B94B-24EAC8BECA9C}
		{8FB07FCA-2946-48C9-B7DD-2449FFE53FA3} = {8DE52C43-6012-4F63-B94B-24EAC8BECA9C}
		{5BC9F6DC-2BEB-45DB-A312-201139605863} = {8DE52C43-6012-4F63-B94B-24EAC8BECA9C}
		{39C3C192-4B6C-443E-A86A-158D34C603FB} = {8DE52C43-6012-4F63-B94B-24EAC8BECA9C}
		{E38E5C4F-E4A7-4302-81AE-25039163803F} = {9E9C0ACA-6BFD-4513-98F2-22A5A54F403B}
		{16952464-1989-4BDA-864D-B32874C99256} = {9E9C0ACA-6BFD-4513-98F2-22A5A54F403B}
		{8361930B-7860-4001-9B87-EC73A808AC32} = {66370AE4-B562-4AA6-85E8-65916F9290C9}
		{FE51B5F8-E995-4212-BF7F-93C710ABE9C8} = {66370AE4-B562-4AA6-85E8-65916F9290C9}
		{B9ADA7FD-E86B-4B96-94D2-F4947E1E4EA2} = {66370AE4-B562-4AA6-85E8-65916F9290C9}
		{6052B860-A874-42B5-A656-6AB6BF98D05B} = {9E9C0ACA-6BFD-4513-98F2-22A5A54F403B}
		{3FA709F7-6EF6-4B24-A36D-DC01920A58F3} = {9E9C0ACA-6BFD-4513-98F2-22A5A54F403B}
		{E4515F16-FDA4-4130-B4B2-D3E300ACD585} = {9E9C0ACA-6BFD-4513-98F2-22A5A54F403B}
		{4DE81C49-35C6-41CF-AB1B-345F929D44E5} = {9E9C0ACA-6BFD-4513-98F2-22A5A54F403B}
		{71BEFCF3-9095-4CEF-9F6F-57F0C7A73C33} = {2A03B0AE-EBA9-420B-B0D2-B9BA22640FF7}
		{6397DACC-631B-45CD-8F93-77F30F646625} = {2A03B0AE-EBA9-420B-B0D2-B9BA22640FF7}
		{E7DA0047-5B6E-4534-B119-AC24C39D4E6E} = {2A03B0AE-EBA9-420B-B0D2-B9BA22640FF7}
		{FA0CFE5A-C205-48FE-AAD5-BDFC02C4181C} = {2A03B0AE-EBA9-420B-B0D2-B9BA22640FF7}
		{A90B03C6-47EA-495E-AE00-C76730340796} = {71BEFCF3-9095-4CEF-9F6F-57F0C7A73C33}
	EndGlobalSection
	GlobalSection(ExtensibilityGlobals) = postSolution
		SolutionGuid = {6AFDB821-8932-4D14-992D-5D939133FA6A}
	EndGlobalSection
EndGlobal
